
Microsoft Visual Studio Solution File, Format Version 12.00
# Visual Studio 15
VisualStudioVersion = 15.0.26430.13
MinimumVisualStudioVersion = 10.0.40219.1
Project("{FAE04EC0-301F-11D3-BF4B-00C04F79EFBC}") = "Docker.Web", "Docker.Web\Docker.Web.csproj", "{417F16B8-B18C-41EB-B6E9-2CDD76684513}"
EndProject
Project("{E53339B2-1760-4266-BCC7-CA923CBCF16C}") = "docker-compose", "docker-compose.dcproj", "{2D7C3C63-05F1-49D8-ABAC-6CB497EAF004}"
EndProject
Global
	GlobalSection(SolutionConfigurationPlatforms) = preSolution
		Debug|Any CPU = Debug|Any CPU
		Release|Any CPU = Release|Any CPU
	EndGlobalSection
	GlobalSection(ProjectConfigurationPlatforms) = postSolution
		{417F16B8-B18C-41EB-B6E9-2CDD76684513}.Debug|Any CPU.ActiveCfg = Debug|Any CPU
		{417F16B8-B18C-41EB-B6E9-2CDD76684513}.Debug|Any CPU.Build.0 = Debug|Any CPU
		{417F16B8-B18C-41EB-B6E9-2CDD76684513}.Release|Any CPU.ActiveCfg = Release|Any CPU
		{417F16B8-B18C-41EB-B6E9-2CDD76684513}.Release|Any CPU.Build.0 = Release|Any CPU
		{2D7C3C63-05F1-49D8-ABAC-6CB497EAF004}.Debug|Any CPU.ActiveCfg = Debug|Any CPU
		{2D7C3C63-05F1-49D8-ABAC-6CB497EAF004}.Debug|Any CPU.Build.0 = Debug|Any CPU
		{2D7C3C63-05F1-49D8-ABAC-6CB497EAF004}.Release|Any CPU.ActiveCfg = Release|Any CPU
		{2D7C3C63-05F1-49D8-ABAC-6CB497EAF004}.Release|Any CPU.Build.0 = Release|Any CPU
	EndGlobalSection
	GlobalSection(SolutionProperties) = preSolution
		HideSolutionNode = FALSE
	EndGlobalSection
EndGlobal
